
Microsoft Visual Studio Solution File, Format Version 12.00
# Visual Studio Version 17
VisualStudioVersion = 17.0.31903.59
MinimumVisualStudioVersion = 10.0.40219.1
Project("{FAE04EC0-301F-11D3-BF4B-00C04F79EFBC}") = "ChatTcp.Cli", "src\ChatTcp.Cli\ChatTcp.Cli.csproj", "{39C6DD0A-C861-4EE9-98F2-55693BF499AF}"
EndProject
Project("{2150E333-8FDC-42A3-9474-1A3956D46DE8}") = "src", "src", "{0F0173D3-54C9-4397-BD07-0892E88522CC}"
EndProject
Project("{2150E333-8FDC-42A3-9474-1A3956D46DE8}") = "test", "test", "{99B657B4-C9D5-4444-857E-F612AAB6A264}"
EndProject
Project("{FAE04EC0-301F-11D3-BF4B-00C04F79EFBC}") = "ChatTcp.Cli.Test", "test\ChatTcp.Cli.Test\ChatTcp.Cli.Test.csproj", "{1D3BFAB4-49F2-4B2D-AF23-7643925F568C}"
EndProject
Global
	GlobalSection(SolutionConfigurationPlatforms) = preSolution
		Debug|Any CPU = Debug|Any CPU
		Release|Any CPU = Release|Any CPU
	EndGlobalSection
	GlobalSection(ProjectConfigurationPlatforms) = postSolution
		{39C6DD0A-C861-4EE9-98F2-55693BF499AF}.Debug|Any CPU.ActiveCfg = Debug|Any CPU
		{39C6DD0A-C861-4EE9-98F2-55693BF499AF}.Debug|Any CPU.Build.0 = Debug|Any CPU
		{39C6DD0A-C861-4EE9-98F2-55693BF499AF}.Release|Any CPU.ActiveCfg = Release|Any CPU
		{39C6DD0A-C861-4EE9-98F2-55693BF499AF}.Release|Any CPU.Build.0 = Release|Any CPU
		{1D3BFAB4-49F2-4B2D-AF23-7643925F568C}.Debug|Any CPU.ActiveCfg = Debug|Any CPU
		{1D3BFAB4-49F2-4B2D-AF23-7643925F568C}.Debug|Any CPU.Build.0 = Debug|Any CPU
		{1D3BFAB4-49F2-4B2D-AF23-7643925F568C}.Release|Any CPU.ActiveCfg = Release|Any CPU
		{1D3BFAB4-49F2-4B2D-AF23-7643925F568C}.Release|Any CPU.Build.0 = Release|Any CPU
	EndGlobalSection
	GlobalSection(SolutionProperties) = preSolution
		HideSolutionNode = FALSE
	EndGlobalSection
	GlobalSection(NestedProjects) = preSolution
		{39C6DD0A-C861-4EE9-98F2-55693BF499AF} = {0F0173D3-54C9-4397-BD07-0892E88522CC}
		{1D3BFAB4-49F2-4B2D-AF23-7643925F568C} = {99B657B4-C9D5-4444-857E-F612AAB6A264}
	EndGlobalSection
	GlobalSection(ExtensibilityGlobals) = postSolution
		SolutionGuid = {79D89674-636D-4A39-9455-E1D127517D27}
	EndGlobalSection
EndGlobal
